
Microsoft Visual Studio Solution File, Format Version 12.00
# Visual Studio 15
VisualStudioVersion = 15.0.28307.902
MinimumVisualStudioVersion = 10.0.40219.1
Project("{FAE04EC0-301F-11D3-BF4B-00C04F79EFBC}") = "Devops_App", "Devops_App\Devops_App.csproj", "{D18BC1E9-24F7-4756-B210-525BD3EEA819}"
EndProject
Project("{FAE04EC0-301F-11D3-BF4B-00C04F79EFBC}") = "Devops_Prebuild", "Devops_Prebuild\Devops_Prebuild.csproj", "{693912C0-96C5-409A-8A9F-64D4B9F678C2}"
EndProject
Global
	GlobalSection(SolutionConfigurationPlatforms) = preSolution
		Debug|Any CPU = Debug|Any CPU
		Release|Any CPU = Release|Any CPU
	EndGlobalSection
	GlobalSection(ProjectConfigurationPlatforms) = postSolution
		{D18BC1E9-24F7-4756-B210-525BD3EEA819}.Debug|Any CPU.ActiveCfg = Debug|Any CPU
		{D18BC1E9-24F7-4756-B210-525BD3EEA819}.Debug|Any CPU.Build.0 = Debug|Any CPU
		{D18BC1E9-24F7-4756-B210-525BD3EEA819}.Release|Any CPU.ActiveCfg = Release|Any CPU
		{D18BC1E9-24F7-4756-B210-525BD3EEA819}.Release|Any CPU.Build.0 = Release|Any CPU
		{693912C0-96C5-409A-8A9F-64D4B9F678C2}.Debug|Any CPU.ActiveCfg = Debug|Any CPU
		{693912C0-96C5-409A-8A9F-64D4B9F678C2}.Debug|Any CPU.Build.0 = Debug|Any CPU
		{693912C0-96C5-409A-8A9F-64D4B9F678C2}.Release|Any CPU.ActiveCfg = Release|Any CPU
		{693912C0-96C5-409A-8A9F-64D4B9F678C2}.Release|Any CPU.Build.0 = Release|Any CPU
	EndGlobalSection
	GlobalSection(SolutionProperties) = preSolution
		HideSolutionNode = FALSE
	EndGlobalSection
	GlobalSection(ExtensibilityGlobals) = postSolution
		SolutionGuid = {E21B8737-AA72-448A-837A-2DF2F8E18A87}
	EndGlobalSection
EndGlobal
